
Microsoft Visual Studio Solution File, Format Version 12.00
# Visual Studio Version 17
VisualStudioVersion = 17.7.34031.279
MinimumVisualStudioVersion = 10.0.40219.1
Project("{FAE04EC0-301F-11D3-BF4B-00C04F79EFBC}") = "ConsoleSqlDependency", "ConsoleSqlDependency\ConsoleSqlDependency.csproj", "{5DA83B0C-03EE-4CF2-956F-7A9A498F9779}"
EndProject
Global
	GlobalSection(SolutionConfigurationPlatforms) = preSolution
		Debug|Any CPU = Debug|Any CPU
		Release|Any CPU = Release|Any CPU
	EndGlobalSection
	GlobalSection(ProjectConfigurationPlatforms) = postSolution
		{5DA83B0C-03EE-4CF2-956F-7A9A498F9779}.Debug|Any CPU.ActiveCfg = Debug|Any CPU
		{5DA83B0C-03EE-4CF2-956F-7A9A498F9779}.Debug|Any CPU.Build.0 = Debug|Any CPU
		{5DA83B0C-03EE-4CF2-956F-7A9A498F9779}.Release|Any CPU.ActiveCfg = Release|Any CPU
		{5DA83B0C-03EE-4CF2-956F-7A9A498F9779}.Release|Any CPU.Build.0 = Release|Any CPU
	EndGlobalSection
	GlobalSection(SolutionProperties) = preSolution
		HideSolutionNode = FALSE
	EndGlobalSection
	GlobalSection(ExtensibilityGlobals) = postSolution
		SolutionGuid = {3EEADC03-C54A-48E4-902C-D1C61DCC14D0}
	EndGlobalSection
EndGlobal
